// !$*UTF8*$!
{
	archiveVersion = 1;
	classes = {
	};
	objectVersion = 50;
	objects = {

/* Begin PBXBuildFile section */
		BA229EC724C187F000D1BACD /* AppDelegate.swift in Sources */ = {isa = PBXBuildFile; fileRef = BA229EC624C187F000D1BACD /* AppDelegate.swift */; };
		BA229EC924C187F000D1BACD /* SceneDelegate.swift in Sources */ = {isa = PBXBuildFile; fileRef = BA229EC824C187F000D1BACD /* SceneDelegate.swift */; };
		BA229ECB24C187F000D1BACD /* ViewController.swift in Sources */ = {isa = PBXBuildFile; fileRef = BA229ECA24C187F000D1BACD /* ViewController.swift */; };
		BA229ECE24C187F000D1BACD /* Main.storyboard in Resources */ = {isa = PBXBuildFile; fileRef = BA229ECC24C187F000D1BACD /* Main.storyboard */; };
		BA229ED024C1888300D1BACD /* Assets.xcassets in Resources */ = {isa = PBXBuildFile; fileRef = BA229ECF24C1888300D1BACD /* Assets.xcassets */; };
		BA229ED324C1888300D1BACD /* LaunchScreen.storyboard in Resources */ = {isa = PBXBuildFile; fileRef = BA229ED124C1888300D1BACD /* LaunchScreen.storyboard */; };
/* End PBXBuildFile section */

/* Begin PBXFileReference section */
		BA229EC324C187F000D1BACD /* iOS-Trial-Project.app */ = {isa = PBXFileReference; explicitFileType = wrapper.application; includeInIndex = 0; path = "iOS-Trial-Project.app"; sourceTree = BUILT_PRODUCTS_DIR; };
		BA229EC624C187F000D1BACD /* AppDelegate.swift */ = {isa = PBXFileReference; lastKnownFileType = sourcecode.swift; path = AppDelegate.swift; sourceTree = "<group>"; };
		BA229EC824C187F000D1BACD /* SceneDelegate.swift */ = {isa = PBXFileReference; lastKnownFileType = sourcecode.swift; path = SceneDelegate.swift; sourceTree = "<group>"; };
		BA229ECA24C187F000D1BACD /* ViewController.swift */ = {isa = PBXFileReference; lastKnownFileType = sourcecode.swift; path = ViewController.swift; sourceTree = "<group>"; };
		BA229ECD24C187F000D1BACD /* Base */ = {isa = PBXFileReference; lastKnownFileType = file.storyboard; name = Base; path = Base.lproj/Main.storyboard; sourceTree = "<group>"; };
		BA229ECF24C1888300D1BACD /* Assets.xcassets */ = {isa = PBXFileReference; lastKnownFileType = folder.assetcatalog; path = Assets.xcassets; sourceTree = "<group>"; };
		BA229ED224C1888300D1BACD /* Base */ = {isa = PBXFileReference; lastKnownFileType = file.storyboard; name = Base; path = Base.lproj/LaunchScreen.storyboard; sourceTree = "<group>"; };
		BA229ED424C1888300D1BACD /* Info.plist */ = {isa = PBXFileReference; lastKnownFileType = text.plist.xml; path = Info.plist; sourceTree = "<group>"; };
/* End PBXFileReference section */

/* Begin PBXFrameworksBuildPhase section */
		BA229EC024C187EF00D1BACD /* Frameworks */ = {
			isa = PBXFrameworksBuildPhase;
			buildActionMask = 2147483647;
			files = (
			);
			runOnlyForDeploymentPostprocessing = 0;
		};
/* End PBXFrameworksBuildPhase section */

/* Begin PBXGroup section */
		BA229EBA24C187EF00D1BACD = {
			isa = PBXGroup;
			children = (
				BA229EC524C187F000D1BACD /* iOS-Trial-Project */,
				BA229EC424C187F000D1BACD /* Products */,
			);
			sourceTree = "<group>";
		};
		BA229EC424C187F000D1BACD /* Products */ = {
			isa = PBXGroup;
			children = (
				BA229EC324C187F000D1BACD /* iOS-Trial-Project.app */,
			);
			name = Products;
			sourceTree = "<group>";
		};
		BA229EC524C187F000D1BACD /* iOS-Trial-Project */ = {
			isa = PBXGroup;
			children = (
				BA229EC624C187F000D1BACD /* AppDelegate.swift */,
				BA229EC824C187F000D1BACD /* SceneDelegate.swift */,
				BA229ECA24C187F000D1BACD /* ViewController.swift */,
				BA229ECC24C187F000D1BACD /* Main.storyboard */,
				BA229ECF24C1888300D1BACD /* Assets.xcassets */,
				BA229ED124C1888300D1BACD /* LaunchScreen.storyboard */,
				BA229ED424C1888300D1BACD /* Info.plist */,
			);
			path = "iOS-Trial-Project";
			sourceTree = "<group>";
		};
/* End PBXGroup section */

/* Begin PBXNativeTarget section */
		BA229EC224C187EF00D1BACD /* iOS-Trial-Project */ = {
			isa = PBXNativeTarget;
			buildConfigurationList = BA229ED724C1888300D1BACD /* Build configuration list for PBXNativeTarget "iOS-Trial-Project" */;
			buildPhases = (
				BA229EBF24C187EF00D1BACD /* Sources */,
				BA229EC024C187EF00D1BACD /* Frameworks */,
				BA229EC124C187EF00D1BACD /* Resources */,
			);
			buildRules = (
			);
			dependencies = (
			);
			name = "iOS-Trial-Project";
			productName = "iOS-Trial-Project";
			productReference = BA229EC324C187F000D1BACD /* iOS-Trial-Project.app */;
			productType = "com.apple.product-type.application";
		};
/* End PBXNativeTarget section */

/* Begin PBXProject section */
		BA229EBB24C187EF00D1BACD /* Project object */ = {
			isa = PBXProject;
			attributes = {
				LastSwiftUpdateCheck = 1160;
				LastUpgradeCheck = 1160;
				ORGANIZATIONNAME = TPS;
				TargetAttributes = {
					BA229EC224C187EF00D1BACD = {
						CreatedOnToolsVersion = 11.6;
					};
				};
			};
			buildConfigurationList = BA229EBE24C187EF00D1BACD /* Build configuration list for PBXProject "iOS-Trial-Project" */;
			compatibilityVersion = "Xcode 9.3";
			developmentRegion = en;
			hasScannedForEncodings = 0;
			knownRegions = (
				en,
				Base,
			);
			mainGroup = BA229EBA24C187EF00D1BACD;
			productRefGroup = BA229EC424C187F000D1BACD /* Products */;
			projectDirPath = "";
			projectRoot = "";
			targets = (
				BA229EC224C187EF00D1BACD /* iOS-Trial-Project */,
			);
		};
/* End PBXProject section */

/* Begin PBXResourcesBuildPhase section */
		BA229EC124C187EF00D1BACD /* Resources */ = {
			isa = PBXResourcesBuildPhase;
			buildActionMask = 2147483647;
			files = (
				BA229ED324C1888300D1BACD /* LaunchScreen.storyboard in Resources */,
				BA229ED024C1888300D1BACD /* Assets.xcassets in Resources */,
				BA229ECE24C187F000D1BACD /* Main.storyboard in Resources */,
			);
			runOnlyForDeploymentPostprocessing = 0;
		};
/* End PBXResourcesBuildPhase section */

/* Begin PBXSourcesBuildPhase section */
		BA229EBF24C187EF00D1BACD /* Sources */ = {
			isa = PBXSourcesBuildPhase;
			buildActionMask = 2147483647;
			files = (
				BA229ECB24C187F000D1BACD /* ViewController.swift in Sources */,
				BA229EC724C187F000D1BACD /* AppDelegate.swift in Sources */,
				BA229EC924C187F000D1BACD /* SceneDelegate.swift in Sources */,
			);
			runOnlyForDeploymentPostprocessing = 0;
		};
/* End PBXSourcesBuildPhase section */

/* Begin PBXVariantGroup section */
		BA229ECC24C187F000D1BACD /* Main.storyboard */ = {
			isa = PBXVariantGroup;
			children = (
				BA229ECD24C187F000D1BACD /* Base */,
			);
			name = Main.storyboard;
			sourceTree = "<group>";
		};
		BA229ED124C1888300D1BACD /* LaunchScreen.storyboard */ = {
			isa = PBXVariantGroup;
			children = (
				BA229ED224C1888300D1BACD /* Base */,
			);
			name = LaunchScreen.storyboard;
			sourceTree = "<group>";
		};
/* End PBXVariantGroup section */

/* Begin XCBuildConfiguration section */
		BA229ED524C1888300D1BACD /* Debug */ = {
			isa = XCBuildConfiguration;
			buildSettings = {
				ALWAYS_SEARCH_USER_PATHS = NO;
				CLANG_ANALYZER_NONNULL = YES;
				CLANG_ANALYZER_NUMBER_OBJECT_CONVERSION = YES_AGGRESSIVE;
				CLANG_CXX_LANGUAGE_STANDARD = "gnu++14";
				CLANG_CXX_LIBRARY = "libc++";
				CLANG_ENABLE_MODULES = YES;
				CLANG_ENABLE_OBJC_ARC = YES;
				CLANG_ENABLE_OBJC_WEAK = YES;
				CLANG_WARN_BLOCK_CAPTURE_AUTORELEASING = YES;
				CLANG_WARN_BOOL_CONVERSION = YES;
				CLANG_WARN_COMMA = YES;
				CLANG_WARN_CONSTANT_CONVERSION = YES;
				CLANG_WARN_DEPRECATED_OBJC_IMPLEMENTATIONS = YES;
				CLANG_WARN_DIRECT_OBJC_ISA_USAGE = YES_ERROR;
				CLANG_WARN_DOCUMENTATION_COMMENTS = YES;
				CLANG_WARN_EMPTY_BODY = YES;
				CLANG_WARN_ENUM_CONVERSION = YES;
				CLANG_WARN_INFINITE_RECURSION = YES;
				CLANG_WARN_INT_CONVERSION = YES;
				CLANG_WARN_NON_LITERAL_NULL_CONVERSION = YES;
				CLANG_WARN_OBJC_IMPLICIT_RETAIN_SELF = YES;
				CLANG_WARN_OBJC_LITERAL_CONVERSION = YES;
				CLANG_WARN_OBJC_ROOT_CLASS = YES_ERROR;
				CLANG_WARN_RANGE_LOOP_ANALYSIS = YES;
				CLANG_WARN_STRICT_PROTOTYPES = YES;
				CLANG_WARN_SUSPICIOUS_MOVE = YES;
				CLANG_WARN_UNGUARDED_AVAILABILITY = YES_AGGRESSIVE;
				CLANG_WARN_UNREACHABLE_CODE = YES;
				CLANG_WARN__DUPLICATE_METHOD_MATCH = YES;
				COPY_PHASE_STRIP = NO;
				DEBUG_INFORMATION_FORMAT = dwarf;
				ENABLE_STRICT_OBJC_MSGSEND = YES;
				ENABLE_TESTABILITY = YES;
				GCC_C_LANGUAGE_STANDARD = gnu11;
				GCC_DYNAMIC_NO_PIC = NO;
				GCC_NO_COMMON_BLOCKS = YES;
				GCC_OPTIMIZATION_LEVEL = 0;
				GCC_PREPROCESSOR_DEFINITIONS = (
					"DEBUG=1",
					"$(inherited)",
				);
				GCC_WARN_64_TO_32_BIT_CONVERSION = YES;
				GCC_WARN_ABOUT_RETURN_TYPE = YES_ERROR;
				GCC_WARN_UNDECLARED_SELECTOR = YES;
				GCC_WARN_UNINITIALIZED_AUTOS = YES_AGGRESSIVE;
				GCC_WARN_UNUSED_FUNCTION = YES;
				GCC_WARN_UNUSED_VARIABLE = YES;
				IPHONEOS_DEPLOYMENT_TARGET = 13.6;
				MTL_ENABLE_DEBUG_INFO = INCLUDE_SOURCE;
				MTL_FAST_MATH = YES;
				ONLY_ACTIVE_ARCH = YES;
				SDKROOT = iphoneos;
				SWIFT_ACTIVE_COMPILATION_CONDITIONS = DEBUG;
				SWIFT_OPTIMIZATION_LEVEL = "-Onone";
			};
			name = Debug;
		};
		BA229ED624C1888300D1BACD /* Release */ = {
			isa = XCBuildConfiguration;
			buildSettings = {
				ALWAYS_SEARCH_USER_PATHS = NO;
				CLANG_ANALYZER_NONNULL = YES;
				CLANG_ANALYZER_NUMBER_OBJECT_CONVERSION = YES_AGGRESSIVE;
				CLANG_CXX_LANGUAGE_STANDARD = "gnu++14";
				CLANG_CXX_LIBRARY = "libc++";
				CLANG_ENABLE_MODULES = YES;
				CLANG_ENABLE_OBJC_ARC = YES;
				CLANG_ENABLE_OBJC_WEAK = YES;
				CLANG_WARN_BLOCK_CAPTURE_AUTORELEASING = YES;
				CLANG_WARN_BOOL_CONVERSION = YES;
				CLANG_WARN_COMMA = YES;
				CLANG_WARN_CONSTANT_CONVERSION = YES;
				CLANG_WARN_DEPRECATED_OBJC_IMPLEMENTATIONS = YES;
				CLANG_WARN_DIRECT_OBJC_ISA_USAGE = YES_ERROR;
				CLANG_WARN_DOCUMENTATION_COMMENTS = YES;
				CLANG_WARN_EMPTY_BODY = YES;
				CLANG_WARN_ENUM_CONVERSION = YES;
				CLANG_WARN_INFINITE_RECURSION = YES;
				CLANG_WARN_INT_CONVERSION = YES;
				CLANG_WARN_NON_LITERAL_NULL_CONVERSION = YES;
				CLANG_WARN_OBJC_IMPLICIT_RETAIN_SELF = YES;
				CLANG_WARN_OBJC_LITERAL_CONVERSION = YES;
				CLANG_WARN_OBJC_ROOT_CLASS = YES_ERROR;
				CLANG_WARN_RANGE_LOOP_ANALYSIS = YES;
				CLANG_WARN_STRICT_PROTOTYPES = YES;
				CLANG_WARN_SUSPICIOUS_MOVE = YES;
				CLANG_WARN_UNGUARDED_AVAILABILITY = YES_AGGRESSIVE;
				CLANG_WARN_UNREACHABLE_CODE = YES;
				CLANG_WARN__DUPLICATE_METHOD_MATCH = YES;
				COPY_PHASE_STRIP = NO;
				DEBUG_INFORMATION_FORMAT = "dwarf-with-dsym";
				ENABLE_NS_ASSERTIONS = NO;
				ENABLE_STRICT_OBJC_MSGSEND = YES;
				GCC_C_LANGUAGE_STANDARD = gnu11;
				GCC_NO_COMMON_BLOCKS = YES;
				GCC_WARN_64_TO_32_BIT_CONVERSION = YES;
				GCC_WARN_ABOUT_RETURN_TYPE = YES_ERROR;
				GCC_WARN_UNDECLARED_SELECTOR = YES;
				GCC_WARN_UNINITIALIZED_AUTOS = YES_AGGRESSIVE;
				GCC_WARN_UNUSED_FUNCTION = YES;
				GCC_WARN_UNUSED_VARIABLE = YES;
				IPHONEOS_DEPLOYMENT_TARGET = 13.6;
				MTL_ENABLE_DEBUG_INFO = NO;
				MTL_FAST_MATH = YES;
				SDKROOT = iphoneos;
				SWIFT_COMPILATION_MODE = wholemodule;
				SWIFT_OPTIMIZATION_LEVEL = "-O";
				VALIDATE_PRODUCT = YES;
			};
			name = Release;
		};
		BA229ED824C1888300D1BACD /* Debug */ = {
			isa = XCBuildConfiguration;
			buildSettings = {
				ASSETCATALOG_COMPILER_APPICON_NAME = AppIcon;
				CODE_SIGN_STYLE = Automatic;
				DEVELOPMENT_TEAM = DFW74L548G;
				INFOPLIST_FILE = "iOS-Trial-Project/Info.plist";
				LD_RUNPATH_SEARCH_PATHS = (
					"$(inherited)",
					"@executable_path/Frameworks",
				);
				PRODUCT_BUNDLE_IDENTIFIER = "com.MrDang.iOS-Trial-Project";
				PRODUCT_NAME = "$(TARGET_NAME)";
				SWIFT_VERSION = 5.0;
				TARGETED_DEVICE_FAMILY = "1,2";
			};
			name = Debug;
		};
		BA229ED924C1888300D1BACD /* Release */ = {
			isa = XCBuildConfiguration;
			buildSettings = {
				ASSETCATALOG_COMPILER_APPICON_NAME = AppIcon;
				CODE_SIGN_STYLE = Automatic;
				DEVELOPMENT_TEAM = DFW74L548G;
				INFOPLIST_FILE = "iOS-Trial-Project/Info.plist";
				LD_RUNPATH_SEARCH_PATHS = (
					"$(inherited)",
					"@executable_path/Frameworks",
				);
				PRODUCT_BUNDLE_IDENTIFIER = "com.MrDang.iOS-Trial-Project";
				PRODUCT_NAME = "$(TARGET_NAME)";
				SWIFT_VERSION = 5.0;
				TARGETED_DEVICE_FAMILY = "1,2";
			};
			name = Release;
		};
/* End XCBuildConfiguration section */

/* Begin XCConfigurationList section */
		BA229EBE24C187EF00D1BACD /* Build configuration list for PBXProject "iOS-Trial-Project" */ = {
			isa = XCConfigurationList;
			buildConfigurations = (
				BA229ED524C1888300D1BACD /* Debug */,
				BA229ED624C1888300D1BACD /* Release */,
			);
			defaultConfigurationIsVisible = 0;
			defaultConfigurationName = Release;
		};
		BA229ED724C1888300D1BACD /* Build configuration list for PBXNativeTarget "iOS-Trial-Project" */ = {
			isa = XCConfigurationList;
			buildConfigurations = (
				BA229ED824C1888300D1BACD /* Debug */,
				BA229ED924C1888300D1BACD /* Release */,
			);
			defaultConfigurationIsVisible = 0;
			defaultConfigurationName = Release;
		};
/* End XCConfigurationList section */
	};
	rootObject = BA229EBB24C187EF00D1BACD /* Project object */;
}
